
Microsoft Visual Studio Solution File, Format Version 12.00
# Visual Studio 15
VisualStudioVersion = 15.0.27703.2035
MinimumVisualStudioVersion = 10.0.40219.1
Project("{FAE04EC0-301F-11D3-BF4B-00C04F79EFBC}") = "pg.Shared", "pg.Shared\pg.Shared.csproj", "{F43F1D3D-B76C-467B-BC56-D3EA53880B88}"
EndProject
Global
	GlobalSection(SolutionConfigurationPlatforms) = preSolution
		Debug|Any CPU = Debug|Any CPU
		Release|Any CPU = Release|Any CPU
	EndGlobalSection
	GlobalSection(ProjectConfigurationPlatforms) = postSolution
		{F43F1D3D-B76C-467B-BC56-D3EA53880B88}.Debug|Any CPU.ActiveCfg = Debug|Any CPU
		{F43F1D3D-B76C-467B-BC56-D3EA53880B88}.Debug|Any CPU.Build.0 = Debug|Any CPU
		{F43F1D3D-B76C-467B-BC56-D3EA53880B88}.Release|Any CPU.ActiveCfg = Release|Any CPU
		{F43F1D3D-B76C-467B-BC56-D3EA53880B88}.Release|Any CPU.Build.0 = Release|Any CPU
	EndGlobalSection
	GlobalSection(SolutionProperties) = preSolution
		HideSolutionNode = FALSE
	EndGlobalSection
	GlobalSection(ExtensibilityGlobals) = postSolution
		SolutionGuid = {D7DA5365-8891-495A-BC38-D3C03A8F3C7B}
	EndGlobalSection
EndGlobal
