
Microsoft Visual Studio Solution File, Format Version 12.00
# Visual Studio Version 16
VisualStudioVersion = 16.0.29519.87
MinimumVisualStudioVersion = 10.0.40219.1
Project("{2150E333-8FDC-42A3-9474-1A3956D46DE8}") = "src", "src", "{A58A463E-1BA5-4571-8921-1CD7DE3B7FDD}"
EndProject
Project("{9A19103F-16F7-4668-BE54-9A1E7A4F7556}") = "pg.ApiGateway", "pg.ApiGateway\pg.ApiGateway.csproj", "{63C506A9-8494-4FA2-A4F7-09F10F6B8D77}"
EndProject
Project("{9A19103F-16F7-4668-BE54-9A1E7A4F7556}") = "pg.MongoDb", "pg.MongoDb\pg.MongoDb.csproj", "{1A7707D4-24FF-436B-AB6C-68B8A468C12F}"
EndProject
Project("{9A19103F-16F7-4668-BE54-9A1E7A4F7556}") = "pg.IdentityServer", "pg.IdentityServer\pg.IdentityServer.csproj", "{31FF17E6-61D1-4543-ACDF-78239DEB4D5B}"
EndProject
Project("{9A19103F-16F7-4668-BE54-9A1E7A4F7556}") = "pg.EntityFramework", "pg.EntityFramework\pg.EntityFramework.csproj", "{DA2D50FD-4E66-4DEC-8125-D52DB11416B5}"
EndProject
Global
	GlobalSection(SolutionConfigurationPlatforms) = preSolution
		Debug|Any CPU = Debug|Any CPU
		Release|Any CPU = Release|Any CPU
	EndGlobalSection
	GlobalSection(ProjectConfigurationPlatforms) = postSolution
		{63C506A9-8494-4FA2-A4F7-09F10F6B8D77}.Debug|Any CPU.ActiveCfg = Debug|Any CPU
		{63C506A9-8494-4FA2-A4F7-09F10F6B8D77}.Debug|Any CPU.Build.0 = Debug|Any CPU
		{63C506A9-8494-4FA2-A4F7-09F10F6B8D77}.Release|Any CPU.ActiveCfg = Release|Any CPU
		{63C506A9-8494-4FA2-A4F7-09F10F6B8D77}.Release|Any CPU.Build.0 = Release|Any CPU
		{1A7707D4-24FF-436B-AB6C-68B8A468C12F}.Debug|Any CPU.ActiveCfg = Debug|Any CPU
		{1A7707D4-24FF-436B-AB6C-68B8A468C12F}.Debug|Any CPU.Build.0 = Debug|Any CPU
		{1A7707D4-24FF-436B-AB6C-68B8A468C12F}.Release|Any CPU.ActiveCfg = Release|Any CPU
		{1A7707D4-24FF-436B-AB6C-68B8A468C12F}.Release|Any CPU.Build.0 = Release|Any CPU
		{31FF17E6-61D1-4543-ACDF-78239DEB4D5B}.Debug|Any CPU.ActiveCfg = Debug|Any CPU
		{31FF17E6-61D1-4543-ACDF-78239DEB4D5B}.Debug|Any CPU.Build.0 = Debug|Any CPU
		{31FF17E6-61D1-4543-ACDF-78239DEB4D5B}.Release|Any CPU.ActiveCfg = Release|Any CPU
		{31FF17E6-61D1-4543-ACDF-78239DEB4D5B}.Release|Any CPU.Build.0 = Release|Any CPU
		{DA2D50FD-4E66-4DEC-8125-D52DB11416B5}.Debug|Any CPU.ActiveCfg = Debug|Any CPU
		{DA2D50FD-4E66-4DEC-8125-D52DB11416B5}.Debug|Any CPU.Build.0 = Debug|Any CPU
		{DA2D50FD-4E66-4DEC-8125-D52DB11416B5}.Release|Any CPU.ActiveCfg = Release|Any CPU
		{DA2D50FD-4E66-4DEC-8125-D52DB11416B5}.Release|Any CPU.Build.0 = Release|Any CPU
	EndGlobalSection
	GlobalSection(SolutionProperties) = preSolution
		HideSolutionNode = FALSE
	EndGlobalSection
	GlobalSection(NestedProjects) = preSolution
		{63C506A9-8494-4FA2-A4F7-09F10F6B8D77} = {A58A463E-1BA5-4571-8921-1CD7DE3B7FDD}
		{1A7707D4-24FF-436B-AB6C-68B8A468C12F} = {A58A463E-1BA5-4571-8921-1CD7DE3B7FDD}
		{31FF17E6-61D1-4543-ACDF-78239DEB4D5B} = {A58A463E-1BA5-4571-8921-1CD7DE3B7FDD}
		{DA2D50FD-4E66-4DEC-8125-D52DB11416B5} = {A58A463E-1BA5-4571-8921-1CD7DE3B7FDD}
	EndGlobalSection
	GlobalSection(ExtensibilityGlobals) = postSolution
		SolutionGuid = {8BF023B0-05DA-413F-8DD2-1869D52178B7}
	EndGlobalSection
EndGlobal
