
Microsoft Visual Studio Solution File, Format Version 12.00
# Visual Studio 15
VisualStudioVersion = 15.0.27703.2035
MinimumVisualStudioVersion = 10.0.40219.1
Project("{2150E333-8FDC-42A3-9474-1A3956D46DE8}") = "src", "src", "{A58A463E-1BA5-4571-8921-1CD7DE3B7FDD}"
EndProject
Project("{9A19103F-16F7-4668-BE54-9A1E7A4F7556}") = "pg.ApiGateway", "pg.ApiGateway\pg.ApiGateway\pg.ApiGateway.csproj", "{63C506A9-8494-4FA2-A4F7-09F10F6B8D77}"
EndProject
Project("{9A19103F-16F7-4668-BE54-9A1E7A4F7556}") = "pg.Shared", "pg.Shared\pg.Shared\pg.Shared.csproj", "{F38509AF-0978-4242-B9ED-93290C73FBBF}"
EndProject
Project("{2150E333-8FDC-42A3-9474-1A3956D46DE8}") = "Services", "Services", "{34B4376F-D84F-4AEA-8556-45DB3DE09069}"
EndProject
Project("{9A19103F-16F7-4668-BE54-9A1E7A4F7556}") = "pg.Services.Notes", "pg.Services.Notes\pg.Services.Notes\pg.Services.Notes.csproj", "{1A7707D4-24FF-436B-AB6C-68B8A468C12F}"
EndProject
Project("{2150E333-8FDC-42A3-9474-1A3956D46DE8}") = "Notes", "Notes", "{3ABA8C69-96C1-4BA4-B877-1452035F3B69}"
EndProject
Project("{9A19103F-16F7-4668-BE54-9A1E7A4F7556}") = "pg.Services.Notes.Data", "pg.Services.Notes\pg.Services.Notes.Data\pg.Services.Notes.Data.csproj", "{0A14FBED-BE4A-4DEA-9DE3-575DA8AEB0D1}"
EndProject
Project("{2150E333-8FDC-42A3-9474-1A3956D46DE8}") = "Identity", "Identity", "{9BC5D03C-8A13-44FB-8AD2-0B0A9E0861CD}"
EndProject
Project("{9A19103F-16F7-4668-BE54-9A1E7A4F7556}") = "pg.Services.Identity", "pg.Services.Identity\pg.Services.Identity\pg.Services.Identity.csproj", "{31FF17E6-61D1-4543-ACDF-78239DEB4D5B}"
EndProject
Global
	GlobalSection(SolutionConfigurationPlatforms) = preSolution
		Debug|Any CPU = Debug|Any CPU
		Release|Any CPU = Release|Any CPU
	EndGlobalSection
	GlobalSection(ProjectConfigurationPlatforms) = postSolution
		{63C506A9-8494-4FA2-A4F7-09F10F6B8D77}.Debug|Any CPU.ActiveCfg = Debug|Any CPU
		{63C506A9-8494-4FA2-A4F7-09F10F6B8D77}.Debug|Any CPU.Build.0 = Debug|Any CPU
		{63C506A9-8494-4FA2-A4F7-09F10F6B8D77}.Release|Any CPU.ActiveCfg = Release|Any CPU
		{63C506A9-8494-4FA2-A4F7-09F10F6B8D77}.Release|Any CPU.Build.0 = Release|Any CPU
		{F38509AF-0978-4242-B9ED-93290C73FBBF}.Debug|Any CPU.ActiveCfg = Debug|Any CPU
		{F38509AF-0978-4242-B9ED-93290C73FBBF}.Debug|Any CPU.Build.0 = Debug|Any CPU
		{F38509AF-0978-4242-B9ED-93290C73FBBF}.Release|Any CPU.ActiveCfg = Release|Any CPU
		{F38509AF-0978-4242-B9ED-93290C73FBBF}.Release|Any CPU.Build.0 = Release|Any CPU
		{1A7707D4-24FF-436B-AB6C-68B8A468C12F}.Debug|Any CPU.ActiveCfg = Debug|Any CPU
		{1A7707D4-24FF-436B-AB6C-68B8A468C12F}.Debug|Any CPU.Build.0 = Debug|Any CPU
		{1A7707D4-24FF-436B-AB6C-68B8A468C12F}.Release|Any CPU.ActiveCfg = Release|Any CPU
		{1A7707D4-24FF-436B-AB6C-68B8A468C12F}.Release|Any CPU.Build.0 = Release|Any CPU
		{0A14FBED-BE4A-4DEA-9DE3-575DA8AEB0D1}.Debug|Any CPU.ActiveCfg = Debug|Any CPU
		{0A14FBED-BE4A-4DEA-9DE3-575DA8AEB0D1}.Debug|Any CPU.Build.0 = Debug|Any CPU
		{0A14FBED-BE4A-4DEA-9DE3-575DA8AEB0D1}.Release|Any CPU.ActiveCfg = Release|Any CPU
		{0A14FBED-BE4A-4DEA-9DE3-575DA8AEB0D1}.Release|Any CPU.Build.0 = Release|Any CPU
		{31FF17E6-61D1-4543-ACDF-78239DEB4D5B}.Debug|Any CPU.ActiveCfg = Debug|Any CPU
		{31FF17E6-61D1-4543-ACDF-78239DEB4D5B}.Debug|Any CPU.Build.0 = Debug|Any CPU
		{31FF17E6-61D1-4543-ACDF-78239DEB4D5B}.Release|Any CPU.ActiveCfg = Release|Any CPU
		{31FF17E6-61D1-4543-ACDF-78239DEB4D5B}.Release|Any CPU.Build.0 = Release|Any CPU
	EndGlobalSection
	GlobalSection(SolutionProperties) = preSolution
		HideSolutionNode = FALSE
	EndGlobalSection
	GlobalSection(NestedProjects) = preSolution
		{63C506A9-8494-4FA2-A4F7-09F10F6B8D77} = {A58A463E-1BA5-4571-8921-1CD7DE3B7FDD}
		{F38509AF-0978-4242-B9ED-93290C73FBBF} = {A58A463E-1BA5-4571-8921-1CD7DE3B7FDD}
		{34B4376F-D84F-4AEA-8556-45DB3DE09069} = {A58A463E-1BA5-4571-8921-1CD7DE3B7FDD}
		{1A7707D4-24FF-436B-AB6C-68B8A468C12F} = {3ABA8C69-96C1-4BA4-B877-1452035F3B69}
		{3ABA8C69-96C1-4BA4-B877-1452035F3B69} = {34B4376F-D84F-4AEA-8556-45DB3DE09069}
		{0A14FBED-BE4A-4DEA-9DE3-575DA8AEB0D1} = {3ABA8C69-96C1-4BA4-B877-1452035F3B69}
		{9BC5D03C-8A13-44FB-8AD2-0B0A9E0861CD} = {34B4376F-D84F-4AEA-8556-45DB3DE09069}
		{31FF17E6-61D1-4543-ACDF-78239DEB4D5B} = {9BC5D03C-8A13-44FB-8AD2-0B0A9E0861CD}
	EndGlobalSection
	GlobalSection(ExtensibilityGlobals) = postSolution
		SolutionGuid = {8BF023B0-05DA-413F-8DD2-1869D52178B7}
	EndGlobalSection
EndGlobal
