
Microsoft Visual Studio Solution File, Format Version 12.00
# Visual Studio 15
VisualStudioVersion = 15.0.27703.2035
MinimumVisualStudioVersion = 10.0.40219.1
Project("{FAE04EC0-301F-11D3-BF4B-00C04F79EFBC}") = "pg.Services.Identity", "pg.Services.Identity\pg.Services.Identity.csproj", "{FD456B1D-56B4-4AD6-A7FA-9E2DDB1AF0A9}"
EndProject
Global
	GlobalSection(SolutionConfigurationPlatforms) = preSolution
		Debug|Any CPU = Debug|Any CPU
		Release|Any CPU = Release|Any CPU
	EndGlobalSection
	GlobalSection(ProjectConfigurationPlatforms) = postSolution
		{FD456B1D-56B4-4AD6-A7FA-9E2DDB1AF0A9}.Debug|Any CPU.ActiveCfg = Debug|Any CPU
		{FD456B1D-56B4-4AD6-A7FA-9E2DDB1AF0A9}.Debug|Any CPU.Build.0 = Debug|Any CPU
		{FD456B1D-56B4-4AD6-A7FA-9E2DDB1AF0A9}.Release|Any CPU.ActiveCfg = Release|Any CPU
		{FD456B1D-56B4-4AD6-A7FA-9E2DDB1AF0A9}.Release|Any CPU.Build.0 = Release|Any CPU
	EndGlobalSection
	GlobalSection(SolutionProperties) = preSolution
		HideSolutionNode = FALSE
	EndGlobalSection
	GlobalSection(ExtensibilityGlobals) = postSolution
		SolutionGuid = {CEBF2528-2F97-4F76-A56F-0035B46B6141}
	EndGlobalSection
EndGlobal
